
Microsoft Visual Studio Solution File, Format Version 12.00
# Visual Studio 2013
VisualStudioVersion = 12.0.30723.0
MinimumVisualStudioVersion = 10.0.40219.1
Project("{FAE04EC0-301F-11D3-BF4B-00C04F79EFBC}") = "XRegional", "XRegional\XRegional.csproj", "{DD56D8B3-336E-493D-BED7-C720EAC92B3D}"
EndProject
Project("{FAE04EC0-301F-11D3-BF4B-00C04F79EFBC}") = "XRegional.Tests", "XRegional.Tests\XRegional.Tests.csproj", "{C6ED8979-CFC8-4ED9-A7D1-EC5241E7F612}"
EndProject
Global
	GlobalSection(SolutionConfigurationPlatforms) = preSolution
		Debug|Any CPU = Debug|Any CPU
		Release|Any CPU = Release|Any CPU
	EndGlobalSection
	GlobalSection(ProjectConfigurationPlatforms) = postSolution
		{DD56D8B3-336E-493D-BED7-C720EAC92B3D}.Debug|Any CPU.ActiveCfg = Debug|Any CPU
		{DD56D8B3-336E-493D-BED7-C720EAC92B3D}.Debug|Any CPU.Build.0 = Debug|Any CPU
		{DD56D8B3-336E-493D-BED7-C720EAC92B3D}.Release|Any CPU.ActiveCfg = Release|Any CPU
		{DD56D8B3-336E-493D-BED7-C720EAC92B3D}.Release|Any CPU.Build.0 = Release|Any CPU
		{C6ED8979-CFC8-4ED9-A7D1-EC5241E7F612}.Debug|Any CPU.ActiveCfg = Debug|Any CPU
		{C6ED8979-CFC8-4ED9-A7D1-EC5241E7F612}.Debug|Any CPU.Build.0 = Debug|Any CPU
		{C6ED8979-CFC8-4ED9-A7D1-EC5241E7F612}.Release|Any CPU.ActiveCfg = Release|Any CPU
		{C6ED8979-CFC8-4ED9-A7D1-EC5241E7F612}.Release|Any CPU.Build.0 = Release|Any CPU
	EndGlobalSection
	GlobalSection(SolutionProperties) = preSolution
		HideSolutionNode = FALSE
	EndGlobalSection
EndGlobal
